
Microsoft Visual Studio Solution File, Format Version 12.00
# Visual Studio 2013
VisualStudioVersion = 12.0.21005.1
MinimumVisualStudioVersion = 10.0.40219.1
Project("{8BC9CEB8-8B4A-11D0-8D11-00A0C91BC942}") = "283example1", "283example1\283example1.vcxproj", "{D8336F77-573F-4D21-92D1-24B800582E80}"
EndProject
Global
	GlobalSection(SolutionConfigurationPlatforms) = preSolution
		Debug|Win32 = Debug|Win32
		Release|Win32 = Release|Win32
	EndGlobalSection
	GlobalSection(ProjectConfigurationPlatforms) = postSolution
		{D8336F77-573F-4D21-92D1-24B800582E80}.Debug|Win32.ActiveCfg = Debug|Win32
		{D8336F77-573F-4D21-92D1-24B800582E80}.Debug|Win32.Build.0 = Debug|Win32
		{D8336F77-573F-4D21-92D1-24B800582E80}.Release|Win32.ActiveCfg = Release|Win32
		{D8336F77-573F-4D21-92D1-24B800582E80}.Release|Win32.Build.0 = Release|Win32
	EndGlobalSection
	GlobalSection(SolutionProperties) = preSolution
		HideSolutionNode = FALSE
	EndGlobalSection
EndGlobal
