
Microsoft Visual Studio Solution File, Format Version 12.00
# Visual Studio 2013
VisualStudioVersion = 12.0.21005.1
MinimumVisualStudioVersion = 10.0.40219.1
Project("{8BC9CEB8-8B4A-11D0-8D11-00A0C91BC942}") = "283example12", "283example12\283example12.vcxproj", "{E9A942D7-F60A-462F-8579-BE18FFAB6505}"
EndProject
Global
	GlobalSection(SolutionConfigurationPlatforms) = preSolution
		Debug|Win32 = Debug|Win32
		Release|Win32 = Release|Win32
	EndGlobalSection
	GlobalSection(ProjectConfigurationPlatforms) = postSolution
		{E9A942D7-F60A-462F-8579-BE18FFAB6505}.Debug|Win32.ActiveCfg = Debug|Win32
		{E9A942D7-F60A-462F-8579-BE18FFAB6505}.Debug|Win32.Build.0 = Debug|Win32
		{E9A942D7-F60A-462F-8579-BE18FFAB6505}.Release|Win32.ActiveCfg = Release|Win32
		{E9A942D7-F60A-462F-8579-BE18FFAB6505}.Release|Win32.Build.0 = Release|Win32
	EndGlobalSection
	GlobalSection(SolutionProperties) = preSolution
		HideSolutionNode = FALSE
	EndGlobalSection
EndGlobal
