
Microsoft Visual Studio Solution File, Format Version 12.00
# Visual Studio 15
VisualStudioVersion = 15.0.27703.2000
MinimumVisualStudioVersion = 10.0.40219.1
Project("{8BC9CEB8-8B4A-11D0-8D11-00A0C91BC942}") = "cywzq", "cywzq.vcxproj", "{7DFC89C7-8377-4AAD-AB4F-E5BB8F261438}"
EndProject
Global
	GlobalSection(SolutionConfigurationPlatforms) = preSolution
		Debug|x86 = Debug|x86
		Release|x86 = Release|x86
	EndGlobalSection
	GlobalSection(ProjectConfigurationPlatforms) = postSolution
		{7DFC89C7-8377-4AAD-AB4F-E5BB8F261438}.Debug|x86.ActiveCfg = Debug|Win32
		{7DFC89C7-8377-4AAD-AB4F-E5BB8F261438}.Debug|x86.Build.0 = Debug|Win32
		{7DFC89C7-8377-4AAD-AB4F-E5BB8F261438}.Release|x86.ActiveCfg = Release|Win32
		{7DFC89C7-8377-4AAD-AB4F-E5BB8F261438}.Release|x86.Build.0 = Release|Win32
	EndGlobalSection
	GlobalSection(SolutionProperties) = preSolution
		HideSolutionNode = FALSE
	EndGlobalSection
	GlobalSection(ExtensibilityGlobals) = postSolution
		SolutionGuid = {9CE99FA0-3FDB-4E9D-AE58-5A28409C1649}
	EndGlobalSection
EndGlobal
