
Microsoft Visual Studio Solution File, Format Version 12.00
# Visual Studio 2013
VisualStudioVersion = 12.0.21005.1
MinimumVisualStudioVersion = 10.0.40219.1
Project("{8BC9CEB8-8B4A-11D0-8D11-00A0C91BC942}") = "lesson20-2", "lesson20-2\lesson20-2.vcxproj", "{CE38FDE3-CA63-4142-8E08-B1289DFB0F36}"
EndProject
Global
	GlobalSection(SolutionConfigurationPlatforms) = preSolution
		Debug|Win32 = Debug|Win32
		Release|Win32 = Release|Win32
	EndGlobalSection
	GlobalSection(ProjectConfigurationPlatforms) = postSolution
		{CE38FDE3-CA63-4142-8E08-B1289DFB0F36}.Debug|Win32.ActiveCfg = Debug|Win32
		{CE38FDE3-CA63-4142-8E08-B1289DFB0F36}.Debug|Win32.Build.0 = Debug|Win32
		{CE38FDE3-CA63-4142-8E08-B1289DFB0F36}.Release|Win32.ActiveCfg = Release|Win32
		{CE38FDE3-CA63-4142-8E08-B1289DFB0F36}.Release|Win32.Build.0 = Release|Win32
	EndGlobalSection
	GlobalSection(SolutionProperties) = preSolution
		HideSolutionNode = FALSE
	EndGlobalSection
EndGlobal
